// !$*UTF8*$!
{
	archiveVersion = 1;
	classes = {
	};
	objectVersion = 52;
	objects = {

/* Begin PBXBuildFile section */
		B67684A52519FD48007B467C /* NimbleTests.swift in Sources */ = {isa = PBXBuildFile; fileRef = B67684A42519FD48007B467C /* NimbleTests.swift */; };
		B67684AA251A0582007B467C /* AsyncTests.swift in Sources */ = {isa = PBXBuildFile; fileRef = B67684A9251A0582007B467C /* AsyncTests.swift */; };
		B67684F9251A5665007B467C /* OriginalMatcherTests.swift in Sources */ = {isa = PBXBuildFile; fileRef = B67684F8251A5665007B467C /* OriginalMatcherTests.swift */; };
		B67684FE251A579F007B467C /* Person.swift in Sources */ = {isa = PBXBuildFile; fileRef = B67684FD251A579F007B467C /* Person.swift */; };
		B69CE3D325189B87001A86D3 /* AppDelegate.swift in Sources */ = {isa = PBXBuildFile; fileRef = B69CE3D225189B87001A86D3 /* AppDelegate.swift */; };
		B69CE3D525189B87001A86D3 /* SceneDelegate.swift in Sources */ = {isa = PBXBuildFile; fileRef = B69CE3D425189B87001A86D3 /* SceneDelegate.swift */; };
		B69CE3D725189B87001A86D3 /* ViewController.swift in Sources */ = {isa = PBXBuildFile; fileRef = B69CE3D625189B87001A86D3 /* ViewController.swift */; };
		B69CE3DA25189B87001A86D3 /* Main.storyboard in Resources */ = {isa = PBXBuildFile; fileRef = B69CE3D825189B87001A86D3 /* Main.storyboard */; };
		B69CE3DC25189B87001A86D3 /* Assets.xcassets in Resources */ = {isa = PBXBuildFile; fileRef = B69CE3DB25189B87001A86D3 /* Assets.xcassets */; };
		B69CE3DF25189B87001A86D3 /* LaunchScreen.storyboard in Resources */ = {isa = PBXBuildFile; fileRef = B69CE3DD25189B87001A86D3 /* LaunchScreen.storyboard */; };
		B69CE3F525189B87001A86D3 /* SampleTestUITests.swift in Sources */ = {isa = PBXBuildFile; fileRef = B69CE3F425189B87001A86D3 /* SampleTestUITests.swift */; };
		B69CE40725189C18001A86D3 /* OHHTTPStubs in Frameworks */ = {isa = PBXBuildFile; productRef = B69CE40625189C18001A86D3 /* OHHTTPStubs */; };
		B69CE40925189C18001A86D3 /* OHHTTPStubsSwift in Frameworks */ = {isa = PBXBuildFile; productRef = B69CE40825189C18001A86D3 /* OHHTTPStubsSwift */; };
		B69CE41225189C72001A86D3 /* SampleTests.swift in Sources */ = {isa = PBXBuildFile; fileRef = B69CE40D25189C71001A86D3 /* SampleTests.swift */; };
		B69CE41325189C72001A86D3 /* User.json in Resources */ = {isa = PBXBuildFile; fileRef = B69CE40E25189C71001A86D3 /* User.json */; };
		B69CE41425189C72001A86D3 /* UserManagerTests.swift in Sources */ = {isa = PBXBuildFile; fileRef = B69CE40F25189C71001A86D3 /* UserManagerTests.swift */; };
		B69CE41525189C72001A86D3 /* CalculatorTests.swift in Sources */ = {isa = PBXBuildFile; fileRef = B69CE41025189C72001A86D3 /* CalculatorTests.swift */; };
		B69CE41625189C72001A86D3 /* DialogmanagerTests.swift in Sources */ = {isa = PBXBuildFile; fileRef = B69CE41125189C72001A86D3 /* DialogmanagerTests.swift */; };
		B69CE43025189C8D001A86D3 /* User.swift in Sources */ = {isa = PBXBuildFile; fileRef = B69CE42825189C8D001A86D3 /* User.swift */; };
		B69CE43125189C8D001A86D3 /* Calculator.swift in Sources */ = {isa = PBXBuildFile; fileRef = B69CE42A25189C8D001A86D3 /* Calculator.swift */; };
		B69CE43225189C8D001A86D3 /* UserManager.swift in Sources */ = {isa = PBXBuildFile; fileRef = B69CE42B25189C8D001A86D3 /* UserManager.swift */; };
		B69CE43325189C8D001A86D3 /* Sample.swift in Sources */ = {isa = PBXBuildFile; fileRef = B69CE42C25189C8D001A86D3 /* Sample.swift */; };
		B69CE43425189C8D001A86D3 /* DialogManager.swift in Sources */ = {isa = PBXBuildFile; fileRef = B69CE42D25189C8D001A86D3 /* DialogManager.swift */; };
		B69CE43525189C8D001A86D3 /* APIManager.swift in Sources */ = {isa = PBXBuildFile; fileRef = B69CE42E25189C8D001A86D3 /* APIManager.swift */; };
		B69CE43625189C8D001A86D3 /* Utils.swift in Sources */ = {isa = PBXBuildFile; fileRef = B69CE42F25189C8D001A86D3 /* Utils.swift */; };
		B69CE43C25189CAD001A86D3 /* String+.swift in Sources */ = {isa = PBXBuildFile; fileRef = B69CE43B25189CAD001A86D3 /* String+.swift */; };
		B69CE45425189D67001A86D3 /* Nimble in Frameworks */ = {isa = PBXBuildFile; productRef = B69CE45325189D67001A86D3 /* Nimble */; };
		B69CE45725189D71001A86D3 /* Quick in Frameworks */ = {isa = PBXBuildFile; productRef = B69CE45625189D71001A86D3 /* Quick */; };
		B69CE45D25189D7F001A86D3 /* XCTest.framework in Frameworks */ = {isa = PBXBuildFile; fileRef = B69CE45C25189D7F001A86D3 /* XCTest.framework */; };
		B69CE46225189D9A001A86D3 /* ValidatorSpec.swift in Sources */ = {isa = PBXBuildFile; fileRef = B69CE46125189D9A001A86D3 /* ValidatorSpec.swift */; };
		B69CE46A25190966001A86D3 /* Counter.swift in Sources */ = {isa = PBXBuildFile; fileRef = B69CE46925190966001A86D3 /* Counter.swift */; };
		B69CE46F25190999001A86D3 /* CounterSpec.swift in Sources */ = {isa = PBXBuildFile; fileRef = B69CE46E25190999001A86D3 /* CounterSpec.swift */; };
		B69CE47425190CDA001A86D3 /* CounterBehavior.swift in Sources */ = {isa = PBXBuildFile; fileRef = B69CE47325190CDA001A86D3 /* CounterBehavior.swift */; };
/* End PBXBuildFile section */

/* Begin PBXContainerItemProxy section */
		B69CE3E625189B87001A86D3 /* PBXContainerItemProxy */ = {
			isa = PBXContainerItemProxy;
			containerPortal = B69CE3C725189B87001A86D3 /* Project object */;
			proxyType = 1;
			remoteGlobalIDString = B69CE3CE25189B87001A86D3;
			remoteInfo = SampleTest;
		};
		B69CE3F125189B87001A86D3 /* PBXContainerItemProxy */ = {
			isa = PBXContainerItemProxy;
			containerPortal = B69CE3C725189B87001A86D3 /* Project object */;
			proxyType = 1;
			remoteGlobalIDString = B69CE3CE25189B87001A86D3;
			remoteInfo = SampleTest;
		};
/* End PBXContainerItemProxy section */

/* Begin PBXFileReference section */
		B67684A42519FD48007B467C /* NimbleTests.swift */ = {isa = PBXFileReference; lastKnownFileType = sourcecode.swift; path = NimbleTests.swift; sourceTree = "<group>"; };
		B67684A9251A0582007B467C /* AsyncTests.swift */ = {isa = PBXFileReference; lastKnownFileType = sourcecode.swift; path = AsyncTests.swift; sourceTree = "<group>"; };
		B67684F8251A5665007B467C /* OriginalMatcherTests.swift */ = {isa = PBXFileReference; lastKnownFileType = sourcecode.swift; path = OriginalMatcherTests.swift; sourceTree = "<group>"; };
		B67684FD251A579F007B467C /* Person.swift */ = {isa = PBXFileReference; lastKnownFileType = sourcecode.swift; path = Person.swift; sourceTree = "<group>"; };
		B69CE3CF25189B87001A86D3 /* SampleTest.app */ = {isa = PBXFileReference; explicitFileType = wrapper.application; includeInIndex = 0; path = SampleTest.app; sourceTree = BUILT_PRODUCTS_DIR; };
		B69CE3D225189B87001A86D3 /* AppDelegate.swift */ = {isa = PBXFileReference; lastKnownFileType = sourcecode.swift; path = AppDelegate.swift; sourceTree = "<group>"; };
		B69CE3D425189B87001A86D3 /* SceneDelegate.swift */ = {isa = PBXFileReference; lastKnownFileType = sourcecode.swift; path = SceneDelegate.swift; sourceTree = "<group>"; };
		B69CE3D625189B87001A86D3 /* ViewController.swift */ = {isa = PBXFileReference; lastKnownFileType = sourcecode.swift; path = ViewController.swift; sourceTree = "<group>"; };
		B69CE3D925189B87001A86D3 /* Base */ = {isa = PBXFileReference; lastKnownFileType = file.storyboard; name = Base; path = Base.lproj/Main.storyboard; sourceTree = "<group>"; };
		B69CE3DB25189B87001A86D3 /* Assets.xcassets */ = {isa = PBXFileReference; lastKnownFileType = folder.assetcatalog; path = Assets.xcassets; sourceTree = "<group>"; };
		B69CE3DE25189B87001A86D3 /* Base */ = {isa = PBXFileReference; lastKnownFileType = file.storyboard; name = Base; path = Base.lproj/LaunchScreen.storyboard; sourceTree = "<group>"; };
		B69CE3E025189B87001A86D3 /* Info.plist */ = {isa = PBXFileReference; lastKnownFileType = text.plist.xml; path = Info.plist; sourceTree = "<group>"; };
		B69CE3E525189B87001A86D3 /* SampleTestTests.xctest */ = {isa = PBXFileReference; explicitFileType = wrapper.cfbundle; includeInIndex = 0; path = SampleTestTests.xctest; sourceTree = BUILT_PRODUCTS_DIR; };
		B69CE3EB25189B87001A86D3 /* Info.plist */ = {isa = PBXFileReference; lastKnownFileType = text.plist.xml; path = Info.plist; sourceTree = "<group>"; };
		B69CE3F025189B87001A86D3 /* SampleTestUITests.xctest */ = {isa = PBXFileReference; explicitFileType = wrapper.cfbundle; includeInIndex = 0; path = SampleTestUITests.xctest; sourceTree = BUILT_PRODUCTS_DIR; };
		B69CE3F425189B87001A86D3 /* SampleTestUITests.swift */ = {isa = PBXFileReference; lastKnownFileType = sourcecode.swift; path = SampleTestUITests.swift; sourceTree = "<group>"; };
		B69CE3F625189B87001A86D3 /* Info.plist */ = {isa = PBXFileReference; lastKnownFileType = text.plist.xml; path = Info.plist; sourceTree = "<group>"; };
		B69CE40D25189C71001A86D3 /* SampleTests.swift */ = {isa = PBXFileReference; fileEncoding = 4; lastKnownFileType = sourcecode.swift; path = SampleTests.swift; sourceTree = "<group>"; };
		B69CE40E25189C71001A86D3 /* User.json */ = {isa = PBXFileReference; fileEncoding = 4; lastKnownFileType = text.json; path = User.json; sourceTree = "<group>"; };
		B69CE40F25189C71001A86D3 /* UserManagerTests.swift */ = {isa = PBXFileReference; fileEncoding = 4; lastKnownFileType = sourcecode.swift; path = UserManagerTests.swift; sourceTree = "<group>"; };
		B69CE41025189C72001A86D3 /* CalculatorTests.swift */ = {isa = PBXFileReference; fileEncoding = 4; lastKnownFileType = sourcecode.swift; path = CalculatorTests.swift; sourceTree = "<group>"; };
		B69CE41125189C72001A86D3 /* DialogmanagerTests.swift */ = {isa = PBXFileReference; fileEncoding = 4; lastKnownFileType = sourcecode.swift; path = DialogmanagerTests.swift; sourceTree = "<group>"; };
		B69CE42825189C8D001A86D3 /* User.swift */ = {isa = PBXFileReference; fileEncoding = 4; lastKnownFileType = sourcecode.swift; path = User.swift; sourceTree = "<group>"; };
		B69CE42A25189C8D001A86D3 /* Calculator.swift */ = {isa = PBXFileReference; fileEncoding = 4; lastKnownFileType = sourcecode.swift; path = Calculator.swift; sourceTree = "<group>"; };
		B69CE42B25189C8D001A86D3 /* UserManager.swift */ = {isa = PBXFileReference; fileEncoding = 4; lastKnownFileType = sourcecode.swift; path = UserManager.swift; sourceTree = "<group>"; };
		B69CE42C25189C8D001A86D3 /* Sample.swift */ = {isa = PBXFileReference; fileEncoding = 4; lastKnownFileType = sourcecode.swift; path = Sample.swift; sourceTree = "<group>"; };
		B69CE42D25189C8D001A86D3 /* DialogManager.swift */ = {isa = PBXFileReference; fileEncoding = 4; lastKnownFileType = sourcecode.swift; path = DialogManager.swift; sourceTree = "<group>"; };
		B69CE42E25189C8D001A86D3 /* APIManager.swift */ = {isa = PBXFileReference; fileEncoding = 4; lastKnownFileType = sourcecode.swift; path = APIManager.swift; sourceTree = "<group>"; };
		B69CE42F25189C8D001A86D3 /* Utils.swift */ = {isa = PBXFileReference; fileEncoding = 4; lastKnownFileType = sourcecode.swift; path = Utils.swift; sourceTree = "<group>"; };
		B69CE43B25189CAD001A86D3 /* String+.swift */ = {isa = PBXFileReference; fileEncoding = 4; lastKnownFileType = sourcecode.swift; path = "String+.swift"; sourceTree = "<group>"; };
		B69CE45C25189D7F001A86D3 /* XCTest.framework */ = {isa = PBXFileReference; lastKnownFileType = wrapper.framework; name = XCTest.framework; path = Platforms/iPhoneOS.platform/Developer/Library/Frameworks/XCTest.framework; sourceTree = DEVELOPER_DIR; };
		B69CE46125189D9A001A86D3 /* ValidatorSpec.swift */ = {isa = PBXFileReference; fileEncoding = 4; lastKnownFileType = sourcecode.swift; path = ValidatorSpec.swift; sourceTree = "<group>"; };
		B69CE46925190966001A86D3 /* Counter.swift */ = {isa = PBXFileReference; lastKnownFileType = sourcecode.swift; path = Counter.swift; sourceTree = "<group>"; };
		B69CE46E25190999001A86D3 /* CounterSpec.swift */ = {isa = PBXFileReference; lastKnownFileType = sourcecode.swift; path = CounterSpec.swift; sourceTree = "<group>"; };
		B69CE47325190CDA001A86D3 /* CounterBehavior.swift */ = {isa = PBXFileReference; lastKnownFileType = sourcecode.swift; path = CounterBehavior.swift; sourceTree = "<group>"; };
/* End PBXFileReference section */

/* Begin PBXFrameworksBuildPhase section */
		B69CE3CC25189B87001A86D3 /* Frameworks */ = {
			isa = PBXFrameworksBuildPhase;
			buildActionMask = 2147483647;
			files = (
				B69CE45D25189D7F001A86D3 /* XCTest.framework in Frameworks */,
				B69CE45425189D67001A86D3 /* Nimble in Frameworks */,
				B69CE40725189C18001A86D3 /* OHHTTPStubs in Frameworks */,
				B69CE45725189D71001A86D3 /* Quick in Frameworks */,
				B69CE40925189C18001A86D3 /* OHHTTPStubsSwift in Frameworks */,
			);
			runOnlyForDeploymentPostprocessing = 0;
		};
		B69CE3E225189B87001A86D3 /* Frameworks */ = {
			isa = PBXFrameworksBuildPhase;
			buildActionMask = 2147483647;
			files = (
			);
			runOnlyForDeploymentPostprocessing = 0;
		};
		B69CE3ED25189B87001A86D3 /* Frameworks */ = {
			isa = PBXFrameworksBuildPhase;
			buildActionMask = 2147483647;
			files = (
			);
			runOnlyForDeploymentPostprocessing = 0;
		};
/* End PBXFrameworksBuildPhase section */

/* Begin PBXGroup section */
		B69CE3C625189B87001A86D3 = {
			isa = PBXGroup;
			children = (
				B69CE3D125189B87001A86D3 /* SampleTest */,
				B69CE3E825189B87001A86D3 /* SampleTestTests */,
				B69CE3F325189B87001A86D3 /* SampleTestUITests */,
				B69CE3D025189B87001A86D3 /* Products */,
				B69CE45B25189D7F001A86D3 /* Frameworks */,
			);
			sourceTree = "<group>";
		};
		B69CE3D025189B87001A86D3 /* Products */ = {
			isa = PBXGroup;
			children = (
				B69CE3CF25189B87001A86D3 /* SampleTest.app */,
				B69CE3E525189B87001A86D3 /* SampleTestTests.xctest */,
				B69CE3F025189B87001A86D3 /* SampleTestUITests.xctest */,
			);
			name = Products;
			sourceTree = "<group>";
		};
		B69CE3D125189B87001A86D3 /* SampleTest */ = {
			isa = PBXGroup;
			children = (
				B69CE43A25189CAD001A86D3 /* extension */,
				B69CE42725189C8D001A86D3 /* Model */,
				B69CE42925189C8D001A86D3 /* Utility */,
				B69CE3D225189B87001A86D3 /* AppDelegate.swift */,
				B69CE3D425189B87001A86D3 /* SceneDelegate.swift */,
				B69CE3D625189B87001A86D3 /* ViewController.swift */,
				B69CE3D825189B87001A86D3 /* Main.storyboard */,
				B69CE3DB25189B87001A86D3 /* Assets.xcassets */,
				B69CE3DD25189B87001A86D3 /* LaunchScreen.storyboard */,
				B69CE3E025189B87001A86D3 /* Info.plist */,
			);
			path = SampleTest;
			sourceTree = "<group>";
		};
		B69CE3E825189B87001A86D3 /* SampleTestTests */ = {
			isa = PBXGroup;
			children = (
				B69CE41025189C72001A86D3 /* CalculatorTests.swift */,
				B69CE41125189C72001A86D3 /* DialogmanagerTests.swift */,
				B69CE40D25189C71001A86D3 /* SampleTests.swift */,
				B69CE46125189D9A001A86D3 /* ValidatorSpec.swift */,
				B69CE40E25189C71001A86D3 /* User.json */,
				B69CE40F25189C71001A86D3 /* UserManagerTests.swift */,
				B69CE3EB25189B87001A86D3 /* Info.plist */,
				B69CE46E25190999001A86D3 /* CounterSpec.swift */,
				B69CE47325190CDA001A86D3 /* CounterBehavior.swift */,
				B67684A42519FD48007B467C /* NimbleTests.swift */,
				B67684A9251A0582007B467C /* AsyncTests.swift */,
				B67684F8251A5665007B467C /* OriginalMatcherTests.swift */,
			);
			path = SampleTestTests;
			sourceTree = "<group>";
		};
		B69CE3F325189B87001A86D3 /* SampleTestUITests */ = {
			isa = PBXGroup;
			children = (
				B69CE3F425189B87001A86D3 /* SampleTestUITests.swift */,
				B69CE3F625189B87001A86D3 /* Info.plist */,
			);
			path = SampleTestUITests;
			sourceTree = "<group>";
		};
		B69CE42725189C8D001A86D3 /* Model */ = {
			isa = PBXGroup;
			children = (
				B69CE42825189C8D001A86D3 /* User.swift */,
				B69CE46925190966001A86D3 /* Counter.swift */,
				B67684FD251A579F007B467C /* Person.swift */,
			);
			name = Model;
			path = ../../_SampleTest/SampleTest/Model;
			sourceTree = "<group>";
		};
		B69CE42925189C8D001A86D3 /* Utility */ = {
			isa = PBXGroup;
			children = (
				B69CE42A25189C8D001A86D3 /* Calculator.swift */,
				B69CE42B25189C8D001A86D3 /* UserManager.swift */,
				B69CE42C25189C8D001A86D3 /* Sample.swift */,
				B69CE42D25189C8D001A86D3 /* DialogManager.swift */,
				B69CE42E25189C8D001A86D3 /* APIManager.swift */,
				B69CE42F25189C8D001A86D3 /* Utils.swift */,
			);
			name = Utility;
			path = ../../_SampleTest/SampleTest/Utility;
			sourceTree = "<group>";
		};
		B69CE43A25189CAD001A86D3 /* extension */ = {
			isa = PBXGroup;
			children = (
				B69CE43B25189CAD001A86D3 /* String+.swift */,
			);
			path = extension;
			sourceTree = "<group>";
		};
		B69CE45B25189D7F001A86D3 /* Frameworks */ = {
			isa = PBXGroup;
			children = (
				B69CE45C25189D7F001A86D3 /* XCTest.framework */,
			);
			name = Frameworks;
			sourceTree = "<group>";
		};
/* End PBXGroup section */

/* Begin PBXNativeTarget section */
		B69CE3CE25189B87001A86D3 /* SampleTest */ = {
			isa = PBXNativeTarget;
			buildConfigurationList = B69CE3F925189B87001A86D3 /* Build configuration list for PBXNativeTarget "SampleTest" */;
			buildPhases = (
				B69CE3CB25189B87001A86D3 /* Sources */,
				B69CE3CC25189B87001A86D3 /* Frameworks */,
				B69CE3CD25189B87001A86D3 /* Resources */,
			);
			buildRules = (
			);
			dependencies = (
			);
			name = SampleTest;
			packageProductDependencies = (
				B69CE40625189C18001A86D3 /* OHHTTPStubs */,
				B69CE40825189C18001A86D3 /* OHHTTPStubsSwift */,
				B69CE45325189D67001A86D3 /* Nimble */,
				B69CE45625189D71001A86D3 /* Quick */,
			);
			productName = SampleTest;
			productReference = B69CE3CF25189B87001A86D3 /* SampleTest.app */;
			productType = "com.apple.product-type.application";
		};
		B69CE3E425189B87001A86D3 /* SampleTestTests */ = {
			isa = PBXNativeTarget;
			buildConfigurationList = B69CE3FC25189B87001A86D3 /* Build configuration list for PBXNativeTarget "SampleTestTests" */;
			buildPhases = (
				B69CE3E125189B87001A86D3 /* Sources */,
				B69CE3E225189B87001A86D3 /* Frameworks */,
				B69CE3E325189B87001A86D3 /* Resources */,
			);
			buildRules = (
			);
			dependencies = (
				B69CE3E725189B87001A86D3 /* PBXTargetDependency */,
			);
			name = SampleTestTests;
			productName = SampleTestTests;
			productReference = B69CE3E525189B87001A86D3 /* SampleTestTests.xctest */;
			productType = "com.apple.product-type.bundle.unit-test";
		};
		B69CE3EF25189B87001A86D3 /* SampleTestUITests */ = {
			isa = PBXNativeTarget;
			buildConfigurationList = B69CE3FF25189B87001A86D3 /* Build configuration list for PBXNativeTarget "SampleTestUITests" */;
			buildPhases = (
				B69CE3EC25189B87001A86D3 /* Sources */,
				B69CE3ED25189B87001A86D3 /* Frameworks */,
				B69CE3EE25189B87001A86D3 /* Resources */,
			);
			buildRules = (
			);
			dependencies = (
				B69CE3F225189B87001A86D3 /* PBXTargetDependency */,
			);
			name = SampleTestUITests;
			productName = SampleTestUITests;
			productReference = B69CE3F025189B87001A86D3 /* SampleTestUITests.xctest */;
			productType = "com.apple.product-type.bundle.ui-testing";
		};
/* End PBXNativeTarget section */

/* Begin PBXProject section */
		B69CE3C725189B87001A86D3 /* Project object */ = {
			isa = PBXProject;
			attributes = {
				LastSwiftUpdateCheck = 1200;
				LastUpgradeCheck = 1200;
				TargetAttributes = {
					B69CE3CE25189B87001A86D3 = {
						CreatedOnToolsVersion = 12.0;
					};
					B69CE3E425189B87001A86D3 = {
						CreatedOnToolsVersion = 12.0;
						TestTargetID = B69CE3CE25189B87001A86D3;
					};
					B69CE3EF25189B87001A86D3 = {
						CreatedOnToolsVersion = 12.0;
						TestTargetID = B69CE3CE25189B87001A86D3;
					};
				};
			};
			buildConfigurationList = B69CE3CA25189B87001A86D3 /* Build configuration list for PBXProject "SampleTest" */;
			compatibilityVersion = "Xcode 9.3";
			developmentRegion = en;
			hasScannedForEncodings = 0;
			knownRegions = (
				en,
				Base,
			);
			mainGroup = B69CE3C625189B87001A86D3;
			packageReferences = (
				B69CE40525189C18001A86D3 /* XCRemoteSwiftPackageReference "OHHTTPStubs" */,
				B69CE45225189D67001A86D3 /* XCRemoteSwiftPackageReference "Nimble" */,
				B69CE45525189D71001A86D3 /* XCRemoteSwiftPackageReference "Quick" */,
			);
			productRefGroup = B69CE3D025189B87001A86D3 /* Products */;
			projectDirPath = "";
			projectRoot = "";
			targets = (
				B69CE3CE25189B87001A86D3 /* SampleTest */,
				B69CE3E425189B87001A86D3 /* SampleTestTests */,
				B69CE3EF25189B87001A86D3 /* SampleTestUITests */,
			);
		};
/* End PBXProject section */

/* Begin PBXResourcesBuildPhase section */
		B69CE3CD25189B87001A86D3 /* Resources */ = {
			isa = PBXResourcesBuildPhase;
			buildActionMask = 2147483647;
			files = (
				B69CE3DF25189B87001A86D3 /* LaunchScreen.storyboard in Resources */,
				B69CE3DC25189B87001A86D3 /* Assets.xcassets in Resources */,
				B69CE3DA25189B87001A86D3 /* Main.storyboard in Resources */,
			);
			runOnlyForDeploymentPostprocessing = 0;
		};
		B69CE3E325189B87001A86D3 /* Resources */ = {
			isa = PBXResourcesBuildPhase;
			buildActionMask = 2147483647;
			files = (
				B69CE41325189C72001A86D3 /* User.json in Resources */,
			);
			runOnlyForDeploymentPostprocessing = 0;
		};
		B69CE3EE25189B87001A86D3 /* Resources */ = {
			isa = PBXResourcesBuildPhase;
			buildActionMask = 2147483647;
			files = (
			);
			runOnlyForDeploymentPostprocessing = 0;
		};
/* End PBXResourcesBuildPhase section */

/* Begin PBXSourcesBuildPhase section */
		B69CE3CB25189B87001A86D3 /* Sources */ = {
			isa = PBXSourcesBuildPhase;
			buildActionMask = 2147483647;
			files = (
				B69CE43225189C8D001A86D3 /* UserManager.swift in Sources */,
				B69CE43425189C8D001A86D3 /* DialogManager.swift in Sources */,
				B69CE43025189C8D001A86D3 /* User.swift in Sources */,
				B69CE43525189C8D001A86D3 /* APIManager.swift in Sources */,
				B69CE3D725189B87001A86D3 /* ViewController.swift in Sources */,
				B69CE43625189C8D001A86D3 /* Utils.swift in Sources */,
				B69CE3D325189B87001A86D3 /* AppDelegate.swift in Sources */,
				B69CE43C25189CAD001A86D3 /* String+.swift in Sources */,
				B69CE46A25190966001A86D3 /* Counter.swift in Sources */,
				B69CE43125189C8D001A86D3 /* Calculator.swift in Sources */,
				B67684FE251A579F007B467C /* Person.swift in Sources */,
				B69CE43325189C8D001A86D3 /* Sample.swift in Sources */,
				B69CE3D525189B87001A86D3 /* SceneDelegate.swift in Sources */,
			);
			runOnlyForDeploymentPostprocessing = 0;
		};
		B69CE3E125189B87001A86D3 /* Sources */ = {
			isa = PBXSourcesBuildPhase;
			buildActionMask = 2147483647;
			files = (
				B69CE46225189D9A001A86D3 /* ValidatorSpec.swift in Sources */,
				B69CE46F25190999001A86D3 /* CounterSpec.swift in Sources */,
				B69CE41425189C72001A86D3 /* UserManagerTests.swift in Sources */,
				B69CE41525189C72001A86D3 /* CalculatorTests.swift in Sources */,
				B69CE41225189C72001A86D3 /* SampleTests.swift in Sources */,
				B67684AA251A0582007B467C /* AsyncTests.swift in Sources */,
				B69CE47425190CDA001A86D3 /* CounterBehavior.swift in Sources */,
				B67684F9251A5665007B467C /* OriginalMatcherTests.swift in Sources */,
				B67684A52519FD48007B467C /* NimbleTests.swift in Sources */,
				B69CE41625189C72001A86D3 /* DialogmanagerTests.swift in Sources */,
			);
			runOnlyForDeploymentPostprocessing = 0;
		};
		B69CE3EC25189B87001A86D3 /* Sources */ = {
			isa = PBXSourcesBuildPhase;
			buildActionMask = 2147483647;
			files = (
				B69CE3F525189B87001A86D3 /* SampleTestUITests.swift in Sources */,
			);
			runOnlyForDeploymentPostprocessing = 0;
		};
/* End PBXSourcesBuildPhase section */

/* Begin PBXTargetDependency section */
		B69CE3E725189B87001A86D3 /* PBXTargetDependency */ = {
			isa = PBXTargetDependency;
			target = B69CE3CE25189B87001A86D3 /* SampleTest */;
			targetProxy = B69CE3E625189B87001A86D3 /* PBXContainerItemProxy */;
		};
		B69CE3F225189B87001A86D3 /* PBXTargetDependency */ = {
			isa = PBXTargetDependency;
			target = B69CE3CE25189B87001A86D3 /* SampleTest */;
			targetProxy = B69CE3F125189B87001A86D3 /* PBXContainerItemProxy */;
		};
/* End PBXTargetDependency section */

/* Begin PBXVariantGroup section */
		B69CE3D825189B87001A86D3 /* Main.storyboard */ = {
			isa = PBXVariantGroup;
			children = (
				B69CE3D925189B87001A86D3 /* Base */,
			);
			name = Main.storyboard;
			sourceTree = "<group>";
		};
		B69CE3DD25189B87001A86D3 /* LaunchScreen.storyboard */ = {
			isa = PBXVariantGroup;
			children = (
				B69CE3DE25189B87001A86D3 /* Base */,
			);
			name = LaunchScreen.storyboard;
			sourceTree = "<group>";
		};
/* End PBXVariantGroup section */

/* Begin XCBuildConfiguration section */
		B69CE3F725189B87001A86D3 /* Debug */ = {
			isa = XCBuildConfiguration;
			buildSettings = {
				ALWAYS_SEARCH_USER_PATHS = NO;
				CLANG_ANALYZER_NONNULL = YES;
				CLANG_ANALYZER_NUMBER_OBJECT_CONVERSION = YES_AGGRESSIVE;
				CLANG_CXX_LANGUAGE_STANDARD = "gnu++14";
				CLANG_CXX_LIBRARY = "libc++";
				CLANG_ENABLE_MODULES = YES;
				CLANG_ENABLE_OBJC_ARC = YES;
				CLANG_ENABLE_OBJC_WEAK = YES;
				CLANG_WARN_BLOCK_CAPTURE_AUTORELEASING = YES;
				CLANG_WARN_BOOL_CONVERSION = YES;
				CLANG_WARN_COMMA = YES;
				CLANG_WARN_CONSTANT_CONVERSION = YES;
				CLANG_WARN_DEPRECATED_OBJC_IMPLEMENTATIONS = YES;
				CLANG_WARN_DIRECT_OBJC_ISA_USAGE = YES_ERROR;
				CLANG_WARN_DOCUMENTATION_COMMENTS = YES;
				CLANG_WARN_EMPTY_BODY = YES;
				CLANG_WARN_ENUM_CONVERSION = YES;
				CLANG_WARN_INFINITE_RECURSION = YES;
				CLANG_WARN_INT_CONVERSION = YES;
				CLANG_WARN_NON_LITERAL_NULL_CONVERSION = YES;
				CLANG_WARN_OBJC_IMPLICIT_RETAIN_SELF = YES;
				CLANG_WARN_OBJC_LITERAL_CONVERSION = YES;
				CLANG_WARN_OBJC_ROOT_CLASS = YES_ERROR;
				CLANG_WARN_QUOTED_INCLUDE_IN_FRAMEWORK_HEADER = YES;
				CLANG_WARN_RANGE_LOOP_ANALYSIS = YES;
				CLANG_WARN_STRICT_PROTOTYPES = YES;
				CLANG_WARN_SUSPICIOUS_MOVE = YES;
				CLANG_WARN_UNGUARDED_AVAILABILITY = YES_AGGRESSIVE;
				CLANG_WARN_UNREACHABLE_CODE = YES;
				CLANG_WARN__DUPLICATE_METHOD_MATCH = YES;
				COPY_PHASE_STRIP = NO;
				DEBUG_INFORMATION_FORMAT = dwarf;
				ENABLE_STRICT_OBJC_MSGSEND = YES;
				ENABLE_TESTABILITY = YES;
				GCC_C_LANGUAGE_STANDARD = gnu11;
				GCC_DYNAMIC_NO_PIC = NO;
				GCC_NO_COMMON_BLOCKS = YES;
				GCC_OPTIMIZATION_LEVEL = 0;
				GCC_PREPROCESSOR_DEFINITIONS = (
					"DEBUG=1",
					"$(inherited)",
				);
				GCC_WARN_64_TO_32_BIT_CONVERSION = YES;
				GCC_WARN_ABOUT_RETURN_TYPE = YES_ERROR;
				GCC_WARN_UNDECLARED_SELECTOR = YES;
				GCC_WARN_UNINITIALIZED_AUTOS = YES_AGGRESSIVE;
				GCC_WARN_UNUSED_FUNCTION = YES;
				GCC_WARN_UNUSED_VARIABLE = YES;
				IPHONEOS_DEPLOYMENT_TARGET = 14.0;
				MTL_ENABLE_DEBUG_INFO = INCLUDE_SOURCE;
				MTL_FAST_MATH = YES;
				ONLY_ACTIVE_ARCH = YES;
				SDKROOT = iphoneos;
				SWIFT_ACTIVE_COMPILATION_CONDITIONS = DEBUG;
				SWIFT_OPTIMIZATION_LEVEL = "-Onone";
			};
			name = Debug;
		};
		B69CE3F825189B87001A86D3 /* Release */ = {
			isa = XCBuildConfiguration;
			buildSettings = {
				ALWAYS_SEARCH_USER_PATHS = NO;
				CLANG_ANALYZER_NONNULL = YES;
				CLANG_ANALYZER_NUMBER_OBJECT_CONVERSION = YES_AGGRESSIVE;
				CLANG_CXX_LANGUAGE_STANDARD = "gnu++14";
				CLANG_CXX_LIBRARY = "libc++";
				CLANG_ENABLE_MODULES = YES;
				CLANG_ENABLE_OBJC_ARC = YES;
				CLANG_ENABLE_OBJC_WEAK = YES;
				CLANG_WARN_BLOCK_CAPTURE_AUTORELEASING = YES;
				CLANG_WARN_BOOL_CONVERSION = YES;
				CLANG_WARN_COMMA = YES;
				CLANG_WARN_CONSTANT_CONVERSION = YES;
				CLANG_WARN_DEPRECATED_OBJC_IMPLEMENTATIONS = YES;
				CLANG_WARN_DIRECT_OBJC_ISA_USAGE = YES_ERROR;
				CLANG_WARN_DOCUMENTATION_COMMENTS = YES;
				CLANG_WARN_EMPTY_BODY = YES;
				CLANG_WARN_ENUM_CONVERSION = YES;
				CLANG_WARN_INFINITE_RECURSION = YES;
				CLANG_WARN_INT_CONVERSION = YES;
				CLANG_WARN_NON_LITERAL_NULL_CONVERSION = YES;
				CLANG_WARN_OBJC_IMPLICIT_RETAIN_SELF = YES;
				CLANG_WARN_OBJC_LITERAL_CONVERSION = YES;
				CLANG_WARN_OBJC_ROOT_CLASS = YES_ERROR;
				CLANG_WARN_QUOTED_INCLUDE_IN_FRAMEWORK_HEADER = YES;
				CLANG_WARN_RANGE_LOOP_ANALYSIS = YES;
				CLANG_WARN_STRICT_PROTOTYPES = YES;
				CLANG_WARN_SUSPICIOUS_MOVE = YES;
				CLANG_WARN_UNGUARDED_AVAILABILITY = YES_AGGRESSIVE;
				CLANG_WARN_UNREACHABLE_CODE = YES;
				CLANG_WARN__DUPLICATE_METHOD_MATCH = YES;
				COPY_PHASE_STRIP = NO;
				DEBUG_INFORMATION_FORMAT = "dwarf-with-dsym";
				ENABLE_NS_ASSERTIONS = NO;
				ENABLE_STRICT_OBJC_MSGSEND = YES;
				GCC_C_LANGUAGE_STANDARD = gnu11;
				GCC_NO_COMMON_BLOCKS = YES;
				GCC_WARN_64_TO_32_BIT_CONVERSION = YES;
				GCC_WARN_ABOUT_RETURN_TYPE = YES_ERROR;
				GCC_WARN_UNDECLARED_SELECTOR = YES;
				GCC_WARN_UNINITIALIZED_AUTOS = YES_AGGRESSIVE;
				GCC_WARN_UNUSED_FUNCTION = YES;
				GCC_WARN_UNUSED_VARIABLE = YES;
				IPHONEOS_DEPLOYMENT_TARGET = 14.0;
				MTL_ENABLE_DEBUG_INFO = NO;
				MTL_FAST_MATH = YES;
				SDKROOT = iphoneos;
				SWIFT_COMPILATION_MODE = wholemodule;
				SWIFT_OPTIMIZATION_LEVEL = "-O";
				VALIDATE_PRODUCT = YES;
			};
			name = Release;
		};
		B69CE3FA25189B87001A86D3 /* Debug */ = {
			isa = XCBuildConfiguration;
			buildSettings = {
				ASSETCATALOG_COMPILER_APPICON_NAME = AppIcon;
				ASSETCATALOG_COMPILER_GLOBAL_ACCENT_COLOR_NAME = AccentColor;
				CODE_SIGN_STYLE = Automatic;
				INFOPLIST_FILE = SampleTest/Info.plist;
				LD_RUNPATH_SEARCH_PATHS = (
					"$(inherited)",
					"@executable_path/Frameworks",
				);
				PRODUCT_BUNDLE_IDENTIFIER = com.sakiyamak.SampleTest;
				PRODUCT_NAME = "$(TARGET_NAME)";
				SWIFT_VERSION = 5.0;
				TARGETED_DEVICE_FAMILY = "1,2";
			};
			name = Debug;
		};
		B69CE3FB25189B87001A86D3 /* Release */ = {
			isa = XCBuildConfiguration;
			buildSettings = {
				ASSETCATALOG_COMPILER_APPICON_NAME = AppIcon;
				ASSETCATALOG_COMPILER_GLOBAL_ACCENT_COLOR_NAME = AccentColor;
				CODE_SIGN_STYLE = Automatic;
				INFOPLIST_FILE = SampleTest/Info.plist;
				LD_RUNPATH_SEARCH_PATHS = (
					"$(inherited)",
					"@executable_path/Frameworks",
				);
				PRODUCT_BUNDLE_IDENTIFIER = com.sakiyamak.SampleTest;
				PRODUCT_NAME = "$(TARGET_NAME)";
				SWIFT_VERSION = 5.0;
				TARGETED_DEVICE_FAMILY = "1,2";
			};
			name = Release;
		};
		B69CE3FD25189B87001A86D3 /* Debug */ = {
			isa = XCBuildConfiguration;
			buildSettings = {
				ALWAYS_EMBED_SWIFT_STANDARD_LIBRARIES = YES;
				BUNDLE_LOADER = "$(TEST_HOST)";
				CODE_SIGN_STYLE = Automatic;
				INFOPLIST_FILE = SampleTestTests/Info.plist;
				IPHONEOS_DEPLOYMENT_TARGET = 14.0;
				LD_RUNPATH_SEARCH_PATHS = (
					"$(inherited)",
					"@executable_path/Frameworks",
					"@loader_path/Frameworks",
				);
				PRODUCT_BUNDLE_IDENTIFIER = com.sakiyamak.SampleTestTests;
				PRODUCT_NAME = "$(TARGET_NAME)";
				SWIFT_VERSION = 5.0;
				TARGETED_DEVICE_FAMILY = "1,2";
				TEST_HOST = "$(BUILT_PRODUCTS_DIR)/SampleTest.app/SampleTest";
			};
			name = Debug;
		};
		B69CE3FE25189B87001A86D3 /* Release */ = {
			isa = XCBuildConfiguration;
			buildSettings = {
				ALWAYS_EMBED_SWIFT_STANDARD_LIBRARIES = YES;
				BUNDLE_LOADER = "$(TEST_HOST)";
				CODE_SIGN_STYLE = Automatic;
				INFOPLIST_FILE = SampleTestTests/Info.plist;
				IPHONEOS_DEPLOYMENT_TARGET = 14.0;
				LD_RUNPATH_SEARCH_PATHS = (
					"$(inherited)",
					"@executable_path/Frameworks",
					"@loader_path/Frameworks",
				);
				PRODUCT_BUNDLE_IDENTIFIER = com.sakiyamak.SampleTestTests;
				PRODUCT_NAME = "$(TARGET_NAME)";
				SWIFT_VERSION = 5.0;
				TARGETED_DEVICE_FAMILY = "1,2";
				TEST_HOST = "$(BUILT_PRODUCTS_DIR)/SampleTest.app/SampleTest";
			};
			name = Release;
		};
		B69CE40025189B87001A86D3 /* Debug */ = {
			isa = XCBuildConfiguration;
			buildSettings = {
				ALWAYS_EMBED_SWIFT_STANDARD_LIBRARIES = YES;
				CODE_SIGN_STYLE = Automatic;
				INFOPLIST_FILE = SampleTestUITests/Info.plist;
				LD_RUNPATH_SEARCH_PATHS = (
					"$(inherited)",
					"@executable_path/Frameworks",
					"@loader_path/Frameworks",
				);
				PRODUCT_BUNDLE_IDENTIFIER = com.sakiyamak.SampleTestUITests;
				PRODUCT_NAME = "$(TARGET_NAME)";
				SWIFT_VERSION = 5.0;
				TARGETED_DEVICE_FAMILY = "1,2";
				TEST_TARGET_NAME = SampleTest;
			};
			name = Debug;
		};
		B69CE40125189B87001A86D3 /* Release */ = {
			isa = XCBuildConfiguration;
			buildSettings = {
				ALWAYS_EMBED_SWIFT_STANDARD_LIBRARIES = YES;
				CODE_SIGN_STYLE = Automatic;
				INFOPLIST_FILE = SampleTestUITests/Info.plist;
				LD_RUNPATH_SEARCH_PATHS = (
					"$(inherited)",
					"@executable_path/Frameworks",
					"@loader_path/Frameworks",
				);
				PRODUCT_BUNDLE_IDENTIFIER = com.sakiyamak.SampleTestUITests;
				PRODUCT_NAME = "$(TARGET_NAME)";
				SWIFT_VERSION = 5.0;
				TARGETED_DEVICE_FAMILY = "1,2";
				TEST_TARGET_NAME = SampleTest;
			};
			name = Release;
		};
/* End XCBuildConfiguration section */

/* Begin XCConfigurationList section */
		B69CE3CA25189B87001A86D3 /* Build configuration list for PBXProject "SampleTest" */ = {
			isa = XCConfigurationList;
			buildConfigurations = (
				B69CE3F725189B87001A86D3 /* Debug */,
				B69CE3F825189B87001A86D3 /* Release */,
			);
			defaultConfigurationIsVisible = 0;
			defaultConfigurationName = Release;
		};
		B69CE3F925189B87001A86D3 /* Build configuration list for PBXNativeTarget "SampleTest" */ = {
			isa = XCConfigurationList;
			buildConfigurations = (
				B69CE3FA25189B87001A86D3 /* Debug */,
				B69CE3FB25189B87001A86D3 /* Release */,
			);
			defaultConfigurationIsVisible = 0;
			defaultConfigurationName = Release;
		};
		B69CE3FC25189B87001A86D3 /* Build configuration list for PBXNativeTarget "SampleTestTests" */ = {
			isa = XCConfigurationList;
			buildConfigurations = (
				B69CE3FD25189B87001A86D3 /* Debug */,
				B69CE3FE25189B87001A86D3 /* Release */,
			);
			defaultConfigurationIsVisible = 0;
			defaultConfigurationName = Release;
		};
		B69CE3FF25189B87001A86D3 /* Build configuration list for PBXNativeTarget "SampleTestUITests" */ = {
			isa = XCConfigurationList;
			buildConfigurations = (
				B69CE40025189B87001A86D3 /* Debug */,
				B69CE40125189B87001A86D3 /* Release */,
			);
			defaultConfigurationIsVisible = 0;
			defaultConfigurationName = Release;
		};
/* End XCConfigurationList section */

/* Begin XCRemoteSwiftPackageReference section */
		B69CE40525189C18001A86D3 /* XCRemoteSwiftPackageReference "OHHTTPStubs" */ = {
			isa = XCRemoteSwiftPackageReference;
			repositoryURL = "https://github.com/AliSoftware/OHHTTPStubs";
			requirement = {
				kind = upToNextMajorVersion;
				minimumVersion = 9.0.0;
			};
		};
		B69CE45225189D67001A86D3 /* XCRemoteSwiftPackageReference "Nimble" */ = {
			isa = XCRemoteSwiftPackageReference;
			repositoryURL = "https://github.com/Quick/Nimble";
			requirement = {
				kind = upToNextMajorVersion;
				minimumVersion = 8.1.2;
			};
		};
		B69CE45525189D71001A86D3 /* XCRemoteSwiftPackageReference "Quick" */ = {
			isa = XCRemoteSwiftPackageReference;
			repositoryURL = "https://github.com/Quick/Quick";
			requirement = {
				kind = upToNextMajorVersion;
				minimumVersion = 3.0.0;
			};
		};
/* End XCRemoteSwiftPackageReference section */

/* Begin XCSwiftPackageProductDependency section */
		B69CE40625189C18001A86D3 /* OHHTTPStubs */ = {
			isa = XCSwiftPackageProductDependency;
			package = B69CE40525189C18001A86D3 /* XCRemoteSwiftPackageReference "OHHTTPStubs" */;
			productName = OHHTTPStubs;
		};
		B69CE40825189C18001A86D3 /* OHHTTPStubsSwift */ = {
			isa = XCSwiftPackageProductDependency;
			package = B69CE40525189C18001A86D3 /* XCRemoteSwiftPackageReference "OHHTTPStubs" */;
			productName = OHHTTPStubsSwift;
		};
		B69CE45325189D67001A86D3 /* Nimble */ = {
			isa = XCSwiftPackageProductDependency;
			package = B69CE45225189D67001A86D3 /* XCRemoteSwiftPackageReference "Nimble" */;
			productName = Nimble;
		};
		B69CE45625189D71001A86D3 /* Quick */ = {
			isa = XCSwiftPackageProductDependency;
			package = B69CE45525189D71001A86D3 /* XCRemoteSwiftPackageReference "Quick" */;
			productName = Quick;
		};
/* End XCSwiftPackageProductDependency section */
	};
	rootObject = B69CE3C725189B87001A86D3 /* Project object */;
}
